version = 1
revision = 3
requires-python = ">=3.13"

[[package]]
name = "cysignals"
version = "1.12.6"
source = { registry = "https://pypi.org/simple" }
sdist = { url = "https://files.pythonhosted.org/packages/b9/5a/d258fd8d6ee1538b8472f39051a87d3d6aa2ab26ffa2da4ac809fb851b88/cysignals-1.12.6.tar.gz", hash = "sha256:3ef3a37bdb244821b85475a08e2762ca1019570b369e321504995fa9a54675ce", size = 79583, upload-time = "2025-10-30T04:28:44.463Z" }
wheels = [
    { url = "https://files.pythonhosted.org/packages/d4/ad/2c74618022ff94072458f21f941745ed6a14b6d95e28890a77d22b671e09/cysignals-1.12.6-cp313-cp313-macosx_11_0_arm64.whl", hash = "sha256:7cfce1fb8b5b30027518d29c472ea78377b049c74aa72b2750d203ba6e791327", size = 217630, upload-time = "2025-10-30T04:28:22.079Z" },
    { url = "https://files.pythonhosted.org/packages/23/c0/356d5be95499d8a27e4195d6b9c9d000cdfc15171813c65058a35de6a06a/cysignals-1.12.6-cp313-cp313-manylinux2014_x86_64.manylinux_2_17_x86_64.manylinux_2_28_x86_64.whl", hash = "sha256:d2a54eb2787e7e93855e06e420740b51b61c06dd466b8ad48a01cf5bc3bc2375", size = 268799, upload-time = "2025-10-30T04:28:23.844Z" },
    { url = "https://files.pythonhosted.org/packages/86/5c/8c0734a11c8126fe0bb86e7e4e94f9d7d109f09275e57e87b84c7e9d783d/cysignals-1.12.6-cp313-cp313-musllinux_1_2_x86_64.whl", hash = "sha256:63bd2aeab7e515a530176a007478129a043415de7fa08519d9721689b47f91b3", size = 271794, upload-time = "2025-10-30T04:28:25.262Z" },
    { url = "https://files.pythonhosted.org/packages/58/c7/2d64af5766461e817294cad63a9a89bb981f72db2ac891e6645c97f10f3b/cysignals-1.12.6-cp313-cp313-win_amd64.whl", hash = "sha256:8c3987e9607e7db896e99aa23066366544151aba0f2155fc3da7e19d20d66439", size = 53776, upload-time = "2025-10-30T04:28:26.618Z" },
    { url = "https://files.pythonhosted.org/packages/7c/75/b9360ca85c8ceeaaebc1767104caf27ccea209eeaec8952dbf2f09cfad01/cysignals-1.12.6-cp313-cp313-win_arm64.whl", hash = "sha256:f85bc3d7bf6d8a79d53685bf466e25b95b799787397622265515a72bb7addf6c", size = 50727, upload-time = "2025-10-30T04:28:27.997Z" },
    { url = "https://files.pythonhosted.org/packages/d9/0c/db66ab5e7be5454e39eac13e5a5bf908b28af590cb4e75a5d9da5005ab7b/cysignals-1.12.6-cp314-cp314-macosx_11_0_arm64.whl", hash = "sha256:f0e1b9c1f0a1a6ddc3b550893aa032cb2e865a60b8480d3ec61bf4f24f232cf1", size = 219287, upload-time = "2025-10-30T04:28:29.603Z" },
    { url = "https://files.pythonhosted.org/packages/23/ea/e60bf45dbfb49a349b2ac9812526be40cc17a6b854308301932883dad85b/cysignals-1.12.6-cp314-cp314-manylinux2014_x86_64.manylinux_2_17_x86_64.manylinux_2_28_x86_64.whl", hash = "sha256:948d9b0fcdb54d6ef0624991fb22b9c57a63467da56d46bc1f8edb618c900584", size = 269488, upload-time = "2025-10-30T04:28:31.005Z" },
    { url = "https://files.pythonhosted.org/packages/71/bb/2f4097bcc7b6de3cceba80d830c653dc893feeef0914066580770aba1cdf/cysignals-1.12.6-cp314-cp314-musllinux_1_2_x86_64.whl", hash = "sha256:8eceead50d00487179017eb81b00a7bbf2acfcef6869ba950a13e0e3ee5fef07", size = 272516, upload-time = "2025-10-30T04:28:32.798Z" },
    { url = "https://files.pythonhosted.org/packages/de/49/77aa0bed4d5aba945977b3ee786755f09071bc136a2daf7d64475308b6b3/cysignals-1.12.6-cp314-cp314-win_amd64.whl", hash = "sha256:77fc10e45f7ee704adf6d217812a6fa58b983fff22ceb1c8530dd27bc067d6d0", size = 54400, upload-time = "2025-10-30T04:28:34.4Z" },
    { url = "https://files.pythonhosted.org/packages/df/a4/af33931a416b07385df9adba5d162ed47818b57bfd7f9c7a3e71bd984760/cysignals-1.12.6-cp314-cp314-win_arm64.whl", hash = "sha256:34e19f1abcf40d08634b07bd4ac21852f9e4091e9245012b031fa923a1d7d7fe", size = 51826, upload-time = "2025-10-30T04:28:35.581Z" },
    { url = "https://files.pythonhosted.org/packages/75/f8/25a75c4106eb1ed54b0ab928d8206d3906bcf708ef952a141fff88e2c034/cysignals-1.12.6-cp314-cp314t-macosx_11_0_arm64.whl", hash = "sha256:83c4f6bb0cd1fc58fc55a3f0dbca0e1229113e3faf06e9a1a7f9cb19a4263f6f", size = 231614, upload-time = "2025-10-30T04:28:36.785Z" },
    { url = "https://files.pythonhosted.org/packages/07/13/b10ef901ded109b6e86fadf123b7d8dc3646f64aefb5633e5b85bcd09ccb/cysignals-1.12.6-cp314-cp314t-manylinux2014_x86_64.manylinux_2_17_x86_64.manylinux_2_28_x86_64.whl", hash = "sha256:8fd29e7452de0d8c7a929b29e8ba7f8bfa84fca746e80263799db026b56b8a1e", size = 279460, upload-time = "2025-10-30T04:28:38.282Z" },
    { url = "https://files.pythonhosted.org/packages/15/55/ba70d9babff953d1b1730bd685ad47c2a4cee2f384a23d74f7f952d1f4e8/cysignals-1.12.6-cp314-cp314t-musllinux_1_2_x86_64.whl", hash = "sha256:576c16e08b4a917c23ca6d586131a53bedc921b9af8e311dbfc145d39dacd9cd", size = 283163, upload-time = "2025-10-30T04:28:40.517Z" },
    { url = "https://files.pythonhosted.org/packages/db/76/db8b9ad792cd0aa68b96931ccbf0502c2f1acc1e87c7ccb07c7b52517754/cysignals-1.12.6-cp314-cp314t-win_amd64.whl", hash = "sha256:8876ac137f055c20cba80b73bce8908afe24bb62fa1c6f9889c30354e53ea4e6", size = 59881, upload-time = "2025-10-30T04:28:41.716Z" },
    { url = "https://files.pythonhosted.org/packages/58/08/6056364ba9e90e861c11c2ca9158dda31eadf587c6254f47de8f061bd08b/cysignals-1.12.6-cp314-cp314t-win_arm64.whl", hash = "sha256:ba487c5b75c2b4ab480bc5bc59d6c0a540443db133ce1565e925179e7f5f3c10", size = 54005, upload-time = "2025-10-30T04:28:43.249Z" },
]

[[package]]
name = "fpylll"
version = "0.6.4"
source = { registry = "https://pypi.org/simple" }
sdist = { url = "https://files.pythonhosted.org/packages/6b/46/a2ee5fb35426405f76739958b16427c0cc2e06a694b8532ab7ec43ae1683/fpylll-0.6.4.tar.gz", hash = "sha256:711d60d8ada46a410932cc45587728b4c7f4ea38a9b8d0be061f5ce098632ecd", size = 124097, upload-time = "2025-05-29T12:38:54.414Z" }
wheels = [
    { url = "https://files.pythonhosted.org/packages/18/f6/9250de0daf2e6a30bbc43bff9918720e5b3998751892e0c9fc89820d913e/fpylll-0.6.4-cp313-cp313-macosx_10_13_x86_64.whl", hash = "sha256:9b734b2911e840d50496bde23f6877bcd24d30be5023db155fe141d7bc6b77e6", size = 8846989, upload-time = "2025-05-29T12:37:53.505Z" },
    { url = "https://files.pythonhosted.org/packages/ce/cc/b7438e64ef158a1c86eae71d01de4b8df9aaa6bd2d898ddfc12d4aea7e76/fpylll-0.6.4-cp313-cp313-macosx_11_0_arm64.whl", hash = "sha256:01df86092bc375ca769267af6a5b387cc6d8c8bb97ccb508dc0198eea09fdf9e", size = 8129917, upload-time = "2025-05-29T12:37:55.829Z" },
    { url = "https://files.pythonhosted.org/packages/8d/b4/0db8bcb69fe862f3ad09ca3c3e07b683dd56d5541cd3a1b8ab95cb8e2da5/fpylll-0.6.4-cp313-cp313-manylinux_2_17_aarch64.manylinux2014_aarch64.whl", hash = "sha256:92fb2dae94e5cc03552b197cab0a405735ac4a05bdf4ba24afb9f55a55ef1914", size = 40514426, upload-time = "2025-05-29T12:37:59.318Z" },
    { url = "https://files.pythonhosted.org/packages/06/5e/b253d49bb8d3c9dae4d628b49aac61ad40b989dbda53155b79efd06485c1/fpylll-0.6.4-cp313-cp313-manylinux_2_17_i686.manylinux2014_i686.whl", hash = "sha256:8c26640d7799e7fb8027bd451d2269b122f6cce84208715acc3209db2d07f503", size = 39723058, upload-time = "2025-05-29T12:38:04.968Z" },
    { url = "https://files.pythonhosted.org/packages/45/fe/b1cd9ca160b755e1e31fa299d9b0395e515cc7e824f67e22c4c839e85bf7/fpylll-0.6.4-cp313-cp313-manylinux_2_17_x86_64.manylinux2014_x86_64.whl", hash = "sha256:2ffcb65e1f93afb1b3a56973664f16e5f3bf8bce9bc89be6b1bbed8451e47d2e", size = 41583553, upload-time = "2025-05-29T12:38:08.891Z" },
    { url = "https://files.pythonhosted.org/packages/12/39/639fa36d5c7b76866350f909796a286a07f0ab9adc0a0ee4a5c613abcd76/fpylll-0.6.4-cp313-cp313-musllinux_1_2_aarch64.whl", hash = "sha256:84377d5d00b729f4518ef611652bddb08d782a73b349fcc79c73ad9222fc0efb", size = 37755771, upload-time = "2025-05-29T12:38:12.796Z" },
    { url = "https://files.pythonhosted.org/packages/7f/c0/99ea280ad92e3e04b1d6757592ab59f4f6fcd46c0be5a09f8ab7252913d5/fpylll-0.6.4-cp313-cp313-musllinux_1_2_i686.whl", hash = "sha256:c69063844702a89288e7e6247544e45433fd94c89c0e6c0f9cce4ca23cb1d3df", size = 37584869, upload-time = "2025-05-29T12:38:16.941Z" },
    { url = "https://files.pythonhosted.org/packages/18/31/1adcc4cd76df1fa6fbf8eac8823a45b27815c17b34e1cd6456865c2d65e7/fpylll-0.6.4-cp313-cp313-musllinux_1_2_x86_64.whl", hash = "sha256:d181855dfe3f5a6e4b4d9aced1b725fa66b3cff09cac30ef6b5be762120acb3d", size = 38234589, upload-time = "2025-05-29T12:38:21.662Z" },
    { url = "https://files.pythonhosted.org/packages/0b/d8/0e170cc4dbdeca0c4d60fe39043ec6989cfd9a978cfd760db0b5f204719b/fpylll-0.6.4-cp314-cp314-macosx_10_15_x86_64.whl", hash = "sha256:6ddddc9d72de63809178cdf6c44453c5014221723b9c56cd96f46e59d7e2d351", size = 7766605, upload-time = "2025-11-15T13:26:56.216Z" },
    { url = "https://files.pythonhosted.org/packages/dc/09/63d3d0611f8ade9a7de1e08b8fb186e6e51b201177d116417f8dcebddd7d/fpylll-0.6.4-cp314-cp314-macosx_11_0_arm64.whl", hash = "sha256:cb1a46e66293487a9af76ae5798f622cabec3512cb3b6349b5882aac89c1c1d2", size = 8116094, upload-time = "2025-11-15T13:27:00.411Z" },
    { url = "https://files.pythonhosted.org/packages/f6/f5/8e6b4f63effdec03c55424bcbf3369754e9e3b86752bbbf22cec8b26d213/fpylll-0.6.4-cp314-cp314-manylinux_2_24_aarch64.manylinux_2_28_aarch64.whl", hash = "sha256:56e724befb5e3ed8301d6019752e84d4d2452b2cd59001263a04a9265cd7905e", size = 41506719, upload-time = "2025-11-15T13:27:20.578Z" },
    { url = "https://files.pythonhosted.org/packages/5b/f3/75999b8656273e2b9d01aaf4d331675812b31737d36bb45e542acb008b8d/fpylll-0.6.4-cp314-cp314-manylinux_2_24_i686.manylinux_2_28_i686.whl", hash = "sha256:04608f01c5a2fe7dd1e6ff839276ad49fbc14d0a5be4968ad8cbd5fe68e6baf4", size = 40432504, upload-time = "2025-11-15T13:27:34.087Z" },
    { url = "https://files.pythonhosted.org/packages/fc/82/0909de6a009bf47244d5695cd1870631f9989f8e0ab92f98106362cbb052/fpylll-0.6.4-cp314-cp314-manylinux_2_24_x86_64.manylinux_2_28_x86_64.whl", hash = "sha256:3abe6452e702fe85e398aff95d43140e37ecb496a0c9bced820a12e80a66ddb4", size = 41464963, upload-time = "2025-11-15T13:27:44.142Z" },
    { url = "https://files.pythonhosted.org/packages/43/29/3910aa13048e108548d9bbef1b9fa1869614a75dbeafc8cf316443b7e54b/fpylll-0.6.4-cp314-cp314-musllinux_1_2_aarch64.whl", hash = "sha256:703dbcbf8a6db0af49ff5f37caed2f9acc43b060f87d2413f7c6fa7330d16737", size = 39730986, upload-time = "2025-11-15T13:27:54.156Z" },
    { url = "https://files.pythonhosted.org/packages/09/12/9333bb6f56daec8eaa81fe4dc616c3711790092a637a6bb38e2420c54fd2/fpylll-0.6.4-cp314-cp314-musllinux_1_2_i686.whl", hash = "sha256:48a69465165b1179284b11586a3cacb9d53316cdf4cc0d2bf3ce81df6fb463cd", size = 38843084, upload-time = "2025-11-15T13:28:03.788Z" },
    { url = "https://files.pythonhosted.org/packages/b3/7a/8085251a243a39e8556ef5349643b96debd84f800d0320a557e5f0ed9a75/fpylll-0.6.4-cp314-cp314-musllinux_1_2_x86_64.whl", hash = "sha256:1eb25545605cb8538a2c402e170bdcbda63477c12beb5e6542f9526d1c2bb13e", size = 40829520, upload-time = "2025-11-15T13:28:16.13Z" },
    { url = "https://files.pythonhosted.org/packages/a2/c3/eb462fcb5187b0ed1f3b9ba02a0bcc1a7d1639072013a9e0372f46f8a1fc/fpylll-0.6.4-cp314-cp314t-macosx_10_15_x86_64.whl", hash = "sha256:378a5ce209ee28a52df2a7bd5e14c5e6647d6a494397dcdde88eddf388d28138", size = 7820301, upload-time = "2025-11-15T13:28:20.863Z" },
    { url = "https://files.pythonhosted.org/packages/17/74/bd35611ab7510c6fbbc9e96715089df0490e89b05915068946f2cb8292d4/fpylll-0.6.4-cp314-cp314t-macosx_11_0_arm64.whl", hash = "sha256:ea67e7ee74312df10b6cca97be6c2916ef9f7d22c76b1162f56fb960b9a1c768", size = 8185606, upload-time = "2025-11-15T13:28:25.087Z" },
    { url = "https://files.pythonhosted.org/packages/a4/9c/271b913ecea6d0be9819161b59e90766d16af4900c9deba9383e2b1a24bb/fpylll-0.6.4-cp314-cp314t-manylinux_2_24_aarch64.manylinux_2_28_aarch64.whl", hash = "sha256:c342c04766d5d0dbaafe734bfd9073cf9cd465f9c4c2999ee2d93b6fe9bc0f98", size = 41759421, upload-time = "2025-11-15T13:28:38.821Z" },
    { url = "https://files.pythonhosted.org/packages/64/f0/b92ffe80a4c2d73f8c5569a14e42e3da934cfe086f1d9f2071d7530b0bba/fpylll-0.6.4-cp314-cp314t-manylinux_2_24_i686.manylinux_2_28_i686.whl", hash = "sha256:e2807b26843e3c303f50045979594d3935b4723a9cfc30594956505e71921153", size = 40553566, upload-time = "2025-11-15T13:28:55.481Z" },
    { url = "https://files.pythonhosted.org/packages/17/ad/70f0ebe90dbe3cc73e8dc7f4000eee390bbc1e3636ab5cae96173a8352c8/fpylll-0.6.4-cp314-cp314t-manylinux_2_24_x86_64.manylinux_2_28_x86_64.whl", hash = "sha256:dfc11735e9e13602a968797c3d67f39fa845092381a6382db2353931ce302c78", size = 41598112, upload-time = "2025-11-15T13:29:21.034Z" },
    { url = "https://files.pythonhosted.org/packages/a6/32/ab2174ade99ad3df06a0fec8681ffded2d97069c988d73e91c6232b67ebf/fpylll-0.6.4-cp314-cp314t-musllinux_1_2_aarch64.whl", hash = "sha256:4f9848a65a4f2e92cfb8e4357561278b2f5235609f434edbba9e17efacc72fc3", size = 39908803, upload-time = "2025-11-15T13:29:48.535Z" },
    { url = "https://files.pythonhosted.org/packages/d7/90/4805655b77a5332cdd3cf9c327671197261166eb57d55ff99349ad2be9ae/fpylll-0.6.4-cp314-cp314t-musllinux_1_2_i686.whl", hash = "sha256:f2a14acde9b440b857e4f06889ffd6692b867ead8e7adc4035ebcff3da10030c", size = 38918985, upload-time = "2025-11-15T13:30:02.776Z" },
    { url = "https://files.pythonhosted.org/packages/0a/e8/50d31f8fdb70285c6222af2683d84258e4fa254d7af5fa6b3a768da38cc4/fpylll-0.6.4-cp314-cp314t-musllinux_1_2_x86_64.whl", hash = "sha256:7d4d0a9477b2aceb21cf55e2ef0e65b9018a389181473182a6b10c868eec77bc", size = 40938081, upload-time = "2025-11-15T13:30:14.899Z" },
]

[[package]]
name = "krypto-project"
version = "0.1.0"
source = { virtual = "." }
dependencies = [
    { name = "cysignals" },
    { name = "fpylll" },
    { name = "numpy" },
]

[package.metadata]
requires-dist = [
    { name = "cysignals", specifier = ">=1.12.6" },
    { name = "fpylll", specifier = ">=0.6.4" },
    { name = "numpy", specifier = ">=2.4.1" },
]

[[package]]
name = "numpy"
version = "2.4.1"
source = { registry = "https://pypi.org/simple" }
sdist = { url = "https://files.pythonhosted.org/packages/24/62/ae72ff66c0f1fd959925b4c11f8c2dea61f47f6acaea75a08512cdfe3fed/numpy-2.4.1.tar.gz", hash = "sha256:a1ceafc5042451a858231588a104093474c6a5c57dcc724841f5c888d237d690", size = 20721320, upload-time = "2026-01-10T06:44:59.619Z" }
wheels = [
    { url = "https://files.pythonhosted.org/packages/04/68/732d4b7811c00775f3bd522a21e8dd5a23f77eb11acdeb663e4a4ebf0ef4/numpy-2.4.1-cp313-cp313-macosx_10_13_x86_64.whl", hash = "sha256:d797454e37570cfd61143b73b8debd623c3c0952959adb817dd310a483d58a1b", size = 16652495, upload-time = "2026-01-10T06:43:06.283Z" },
    { url = "https://files.pythonhosted.org/packages/20/ca/857722353421a27f1465652b2c66813eeeccea9d76d5f7b74b99f298e60e/numpy-2.4.1-cp313-cp313-macosx_11_0_arm64.whl", hash = "sha256:82c55962006156aeef1629b953fd359064aa47e4d82cfc8e67f0918f7da3344f", size = 12368657, upload-time = "2026-01-10T06:43:09.094Z" },
    { url = "https://files.pythonhosted.org/packages/81/0d/2377c917513449cc6240031a79d30eb9a163d32a91e79e0da47c43f2c0c8/numpy-2.4.1-cp313-cp313-macosx_14_0_arm64.whl", hash = "sha256:71abbea030f2cfc3092a0ff9f8c8fdefdc5e0bf7d9d9c99663538bb0ecdac0b9", size = 5197256, upload-time = "2026-01-10T06:43:13.634Z" },
    { url = "https://files.pythonhosted.org/packages/17/39/569452228de3f5de9064ac75137082c6214be1f5c532016549a7923ab4b5/numpy-2.4.1-cp313-cp313-macosx_14_0_x86_64.whl", hash = "sha256:5b55aa56165b17aaf15520beb9cbd33c9039810e0d9643dd4379e44294c7303e", size = 6545212, upload-time = "2026-01-10T06:43:15.661Z" },
    { url = "https://files.pythonhosted.org/packages/8c/a4/77333f4d1e4dac4395385482557aeecf4826e6ff517e32ca48e1dafbe42a/numpy-2.4.1-cp313-cp313-manylinux_2_27_aarch64.manylinux_2_28_aarch64.whl", hash = "sha256:c0faba4a331195bfa96f93dd9dfaa10b2c7aa8cda3a02b7fd635e588fe821bf5", size = 14402871, upload-time = "2026-01-10T06:43:17.324Z" },
    { url = "https://files.pythonhosted.org/packages/ba/87/d341e519956273b39d8d47969dd1eaa1af740615394fe67d06f1efa68773/numpy-2.4.1-cp313-cp313-manylinux_2_27_x86_64.manylinux_2_28_x86_64.whl", hash = "sha256:d3e3087f53e2b4428766b54932644d148613c5a595150533ae7f00dab2f319a8", size = 16359305, upload-time = "2026-01-10T06:43:19.376Z" },
    { url = "https://files.pythonhosted.org/packages/32/91/789132c6666288eaa20ae8066bb99eba1939362e8f1a534949a215246e97/numpy-2.4.1-cp313-cp313-musllinux_1_2_aarch64.whl", hash = "sha256:49e792ec351315e16da54b543db06ca8a86985ab682602d90c60ef4ff4db2a9c", size = 16181909, upload-time = "2026-01-10T06:43:21.808Z" },
    { url = "https://files.pythonhosted.org/packages/cf/b8/090b8bd27b82a844bb22ff8fdf7935cb1980b48d6e439ae116f53cdc2143/numpy-2.4.1-cp313-cp313-musllinux_1_2_x86_64.whl", hash = "sha256:79e9e06c4c2379db47f3f6fc7a8652e7498251789bf8ff5bd43bf478ef314ca2", size = 18284380, upload-time = "2026-01-10T06:43:23.957Z" },
    { url = "https://files.pythonhosted.org/packages/67/78/722b62bd31842ff029412271556a1a27a98f45359dea78b1548a3a9996aa/numpy-2.4.1-cp313-cp313-win32.whl", hash = "sha256:3d1a100e48cb266090a031397863ff8a30050ceefd798f686ff92c67a486753d", size = 5957089, upload-time = "2026-01-10T06:43:27.535Z" },
    { url = "https://files.pythonhosted.org/packages/da/a6/cf32198b0b6e18d4fbfa9a21a992a7fca535b9bb2b0cdd217d4a3445b5ca/numpy-2.4.1-cp313-cp313-win_amd64.whl", hash = "sha256:92a0e65272fd60bfa0d9278e0484c2f52fe03b97aedc02b357f33fe752c52ffb", size = 12307230, upload-time = "2026-01-10T06:43:29.298Z" },
    { url = "https://files.pythonhosted.org/packages/44/6c/534d692bfb7d0afe30611320c5fb713659dcb5104d7cc182aff2aea092f5/numpy-2.4.1-cp313-cp313-win_arm64.whl", hash = "sha256:20d4649c773f66cc2fc36f663e091f57c3b7655f936a4c681b4250855d1da8f5", size = 10313125, upload-time = "2026-01-10T06:43:31.782Z" },
    { url = "https://files.pythonhosted.org/packages/da/a1/354583ac5c4caa566de6ddfbc42744409b515039e085fab6e0ff942e0df5/numpy-2.4.1-cp313-cp313t-macosx_11_0_arm64.whl", hash = "sha256:f93bc6892fe7b0663e5ffa83b61aab510aacffd58c16e012bb9352d489d90cb7", size = 12496156, upload-time = "2026-01-10T06:43:34.237Z" },
    { url = "https://files.pythonhosted.org/packages/51/b0/42807c6e8cce58c00127b1dc24d365305189991f2a7917aa694a109c8d7d/numpy-2.4.1-cp313-cp313t-macosx_14_0_arm64.whl", hash = "sha256:178de8f87948163d98a4c9ab5bee4ce6519ca918926ec8df195af582de28544d", size = 5324663, upload-time = "2026-01-10T06:43:36.211Z" },
    { url = "https://files.pythonhosted.org/packages/fe/55/7a621694010d92375ed82f312b2f28017694ed784775269115323e37f5e2/numpy-2.4.1-cp313-cp313t-macosx_14_0_x86_64.whl", hash = "sha256:98b35775e03ab7f868908b524fc0a84d38932d8daf7b7e1c3c3a1b6c7a2c9f15", size = 6645224, upload-time = "2026-01-10T06:43:37.884Z" },
    { url = "https://files.pythonhosted.org/packages/50/96/9fa8635ed9d7c847d87e30c834f7109fac5e88549d79ef3324ab5c20919f/numpy-2.4.1-cp313-cp313t-manylinux_2_27_aarch64.manylinux_2_28_aarch64.whl", hash = "sha256:941c2a93313d030f219f3a71fd3d91a728b82979a5e8034eb2e60d394a2b83f9", size = 14462352, upload-time = "2026-01-10T06:43:39.479Z" },
    { url = "https://files.pythonhosted.org/packages/03/d1/8cf62d8bb2062da4fb82dd5d49e47c923f9c0738032f054e0a75342faba7/numpy-2.4.1-cp313-cp313t-manylinux_2_27_x86_64.manylinux_2_28_x86_64.whl", hash = "sha256:529050522e983e00a6c1c6b67411083630de8b57f65e853d7b03d9281b8694d2", size = 16407279, upload-time = "2026-01-10T06:43:41.93Z" },
    { url = "https://files.pythonhosted.org/packages/86/1c/95c86e17c6b0b31ce6ef219da00f71113b220bcb14938c8d9a05cee0ff53/numpy-2.4.1-cp313-cp313t-musllinux_1_2_aarch64.whl", hash = "sha256:2302dc0224c1cbc49bb94f7064f3f923a971bfae45c33870dcbff63a2a550505", size = 16248316, upload-time = "2026-01-10T06:43:44.121Z" },
    { url = "https://files.pythonhosted.org/packages/30/b4/e7f5ff8697274c9d0fa82398b6a372a27e5cef069b37df6355ccb1f1db1a/numpy-2.4.1-cp313-cp313t-musllinux_1_2_x86_64.whl", hash = "sha256:9171a42fcad32dcf3fa86f0a4faa5e9f8facefdb276f54b8b390d90447cff4e2", size = 18329884, upload-time = "2026-01-10T06:43:46.613Z" },
    { url = "https://files.pythonhosted.org/packages/37/a4/b073f3e9d77f9aec8debe8ca7f9f6a09e888ad1ba7488f0c3b36a94c03ac/numpy-2.4.1-cp313-cp313t-win32.whl", hash = "sha256:382ad67d99ef49024f11d1ce5dcb5ad8432446e4246a4b014418ba3a1175a1f4", size = 6081138, upload-time = "2026-01-10T06:43:48.854Z" },
    { url = "https://files.pythonhosted.org/packages/16/16/af42337b53844e67752a092481ab869c0523bc95c4e5c98e4dac4e9581ac/numpy-2.4.1-cp313-cp313t-win_amd64.whl", hash = "sha256:62fea415f83ad8fdb6c20840578e5fbaf5ddd65e0ec6c3c47eda0f69da172510", size = 12447478, upload-time = "2026-01-10T06:43:50.476Z" },
    { url = "https://files.pythonhosted.org/packages/6c/f8/fa85b2eac68ec631d0b631abc448552cb17d39afd17ec53dcbcc3537681a/numpy-2.4.1-cp313-cp313t-win_arm64.whl", hash = "sha256:a7870e8c5fc11aef57d6fea4b4085e537a3a60ad2cdd14322ed531fdca68d261", size = 10382981, upload-time = "2026-01-10T06:43:52.575Z" },
    { url = "https://files.pythonhosted.org/packages/1b/a7/ef08d25698e0e4b4efbad8d55251d20fe2a15f6d9aa7c9b30cd03c165e6f/numpy-2.4.1-cp314-cp314-macosx_10_15_x86_64.whl", hash = "sha256:3869ea1ee1a1edc16c29bbe3a2f2a4e515cc3a44d43903ad41e0cacdbaf733dc", size = 16652046, upload-time = "2026-01-10T06:43:54.797Z" },
    { url = "https://files.pythonhosted.org/packages/8f/39/e378b3e3ca13477e5ac70293ec027c438d1927f18637e396fe90b1addd72/numpy-2.4.1-cp314-cp314-macosx_11_0_arm64.whl", hash = "sha256:e867df947d427cdd7a60e3e271729090b0f0df80f5f10ab7dd436f40811699c3", size = 12378858, upload-time = "2026-01-10T06:43:57.099Z" },
    { url = "https://files.pythonhosted.org/packages/c3/74/7ec6154f0006910ed1fdbb7591cf4432307033102b8a22041599935f8969/numpy-2.4.1-cp314-cp314-macosx_14_0_arm64.whl", hash = "sha256:e3bd2cb07841166420d2fa7146c96ce00cb3410664cbc1a6be028e456c4ee220", size = 5207417, upload-time = "2026-01-10T06:43:59.037Z" },
    { url = "https://files.pythonhosted.org/packages/f7/b7/053ac11820d84e42f8feea5cb81cc4fcd1091499b45b1ed8c7415b1bf831/numpy-2.4.1-cp314-cp314-macosx_14_0_x86_64.whl", hash = "sha256:f0a90aba7d521e6954670550e561a4cb925713bd944445dbe9e729b71f6cabee", size = 6542643, upload-time = "2026-01-10T06:44:01.852Z" },
    { url = "https://files.pythonhosted.org/packages/c0/c4/2e7908915c0e32ca636b92e4e4a3bdec4cb1e7eb0f8aedf1ed3c68a0d8cd/numpy-2.4.1-cp314-cp314-manylinux_2_27_aarch64.manylinux_2_28_aarch64.whl", hash = "sha256:5d558123217a83b2d1ba316b986e9248a1ed1971ad495963d555ccd75dcb1556", size = 14418963, upload-time = "2026-01-10T06:44:04.047Z" },
    { url = "https://files.pythonhosted.org/packages/eb/c0/3ed5083d94e7ffd7c404e54619c088e11f2e1939a9544f5397f4adb1b8ba/numpy-2.4.1-cp314-cp314-manylinux_2_27_x86_64.manylinux_2_28_x86_64.whl", hash = "sha256:2f44de05659b67d20499cbc96d49f2650769afcb398b79b324bb6e297bfe3844", size = 16363811, upload-time = "2026-01-10T06:44:06.207Z" },
    { url = "https://files.pythonhosted.org/packages/0e/68/42b66f1852bf525050a67315a4fb94586ab7e9eaa541b1bef530fab0c5dd/numpy-2.4.1-cp314-cp314-musllinux_1_2_aarch64.whl", hash = "sha256:69e7419c9012c4aaf695109564e3387f1259f001b4326dfa55907b098af082d3", size = 16197643, upload-time = "2026-01-10T06:44:08.33Z" },
    { url = "https://files.pythonhosted.org/packages/d2/40/e8714fc933d85f82c6bfc7b998a0649ad9769a32f3494ba86598aaf18a48/numpy-2.4.1-cp314-cp314-musllinux_1_2_x86_64.whl", hash = "sha256:2ffd257026eb1b34352e749d7cc1678b5eeec3e329ad8c9965a797e08ccba205", size = 18289601, upload-time = "2026-01-10T06:44:10.841Z" },
    { url = "https://files.pythonhosted.org/packages/80/9a/0d44b468cad50315127e884802351723daca7cf1c98d102929468c81d439/numpy-2.4.1-cp314-cp314-win32.whl", hash = "sha256:727c6c3275ddefa0dc078524a85e064c057b4f4e71ca5ca29a19163c607be745", size = 6005722, upload-time = "2026-01-10T06:44:13.332Z" },
    { url = "https://files.pythonhosted.org/packages/7e/bb/c6513edcce5a831810e2dddc0d3452ce84d208af92405a0c2e58fd8e7881/numpy-2.4.1-cp314-cp314-win_amd64.whl", hash = "sha256:7d5d7999df434a038d75a748275cd6c0094b0ecdb0837342b332a82defc4dc4d", size = 12438590, upload-time = "2026-01-10T06:44:15.006Z" },
    { url = "https://files.pythonhosted.org/packages/e9/da/a598d5cb260780cf4d255102deba35c1d072dc028c4547832f45dd3323a8/numpy-2.4.1-cp314-cp314-win_arm64.whl", hash = "sha256:ce9ce141a505053b3c7bce3216071f3bf5c182b8b28930f14cd24d43932cd2df", size = 10596180, upload-time = "2026-01-10T06:44:17.386Z" },
    { url = "https://files.pythonhosted.org/packages/de/bc/ea3f2c96fcb382311827231f911723aeff596364eb6e1b6d1d91128aa29b/numpy-2.4.1-cp314-cp314t-macosx_11_0_arm64.whl", hash = "sha256:4e53170557d37ae404bf8d542ca5b7c629d6efa1117dac6a83e394142ea0a43f", size = 12498774, upload-time = "2026-01-10T06:44:19.467Z" },
    { url = "https://files.pythonhosted.org/packages/aa/ab/ef9d939fe4a812648c7a712610b2ca6140b0853c5efea361301006c02ae5/numpy-2.4.1-cp314-cp314t-macosx_14_0_arm64.whl", hash = "sha256:a73044b752f5d34d4232f25f18160a1cc418ea4507f5f11e299d8ac36875f8a0", size = 5327274, upload-time = "2026-01-10T06:44:23.189Z" },
    { url = "https://files.pythonhosted.org/packages/bd/31/d381368e2a95c3b08b8cf7faac6004849e960f4a042d920337f71cef0cae/numpy-2.4.1-cp314-cp314t-macosx_14_0_x86_64.whl", hash = "sha256:fb1461c99de4d040666ca0444057b06541e5642f800b71c56e6ea92d6a853a0c", size = 6648306, upload-time = "2026-01-10T06:44:25.012Z" },
    { url = "https://files.pythonhosted.org/packages/c8/e5/0989b44ade47430be6323d05c23207636d67d7362a1796ccbccac6773dd2/numpy-2.4.1-cp314-cp314t-manylinux_2_27_aarch64.manylinux_2_28_aarch64.whl", hash = "sha256:423797bdab2eeefbe608d7c1ec7b2b4fd3c58d51460f1ee26c7500a1d9c9ee93", size = 14464653, upload-time = "2026-01-10T06:44:26.706Z" },
    { url = "https://files.pythonhosted.org/packages/10/a7/cfbe475c35371cae1358e61f20c5f075badc18c4797ab4354140e1d283cf/numpy-2.4.1-cp314-cp314t-manylinux_2_27_x86_64.manylinux_2_28_x86_64.whl", hash = "sha256:52b5f61bdb323b566b528899cc7db2ba5d1015bda7ea811a8bcf3c89c331fa42", size = 16405144, upload-time = "2026-01-10T06:44:29.378Z" },
    { url = "https://files.pythonhosted.org/packages/f8/a3/0c63fe66b534888fa5177cc7cef061541064dbe2b4b60dcc60ffaf0d2157/numpy-2.4.1-cp314-cp314t-musllinux_1_2_aarch64.whl", hash = "sha256:42d7dd5fa36d16d52a84f821eb96031836fd405ee6955dd732f2023724d0aa01", size = 16247425, upload-time = "2026-01-10T06:44:31.721Z" },
    { url = "https://files.pythonhosted.org/packages/6b/2b/55d980cfa2c93bd40ff4c290bf824d792bd41d2fe3487b07707559071760/numpy-2.4.1-cp314-cp314t-musllinux_1_2_x86_64.whl", hash = "sha256:e7b6b5e28bbd47b7532698e5db2fe1db693d84b58c254e4389d99a27bb9b8f6b", size = 18330053, upload-time = "2026-01-10T06:44:34.617Z" },
    { url = "https://files.pythonhosted.org/packages/23/12/8b5fc6b9c487a09a7957188e0943c9ff08432c65e34567cabc1623b03a51/numpy-2.4.1-cp314-cp314t-win32.whl", hash = "sha256:5de60946f14ebe15e713a6f22850c2372fa72f4ff9a432ab44aa90edcadaa65a", size = 6152482, upload-time = "2026-01-10T06:44:36.798Z" },
    { url = "https://files.pythonhosted.org/packages/00/a5/9f8ca5856b8940492fc24fbe13c1bc34d65ddf4079097cf9e53164d094e1/numpy-2.4.1-cp314-cp314t-win_amd64.whl", hash = "sha256:8f085da926c0d491ffff3096f91078cc97ea67e7e6b65e490bc8dcda65663be2", size = 12627117, upload-time = "2026-01-10T06:44:38.828Z" },
    { url = "https://files.pythonhosted.org/packages/ad/0d/eca3d962f9eef265f01a8e0d20085c6dd1f443cbffc11b6dede81fd82356/numpy-2.4.1-cp314-cp314t-win_arm64.whl", hash = "sha256:6436cffb4f2bf26c974344439439c95e152c9a527013f26b3577be6c2ca64295", size = 10667121, upload-time = "2026-01-10T06:44:41.644Z" },
]
